// !$*UTF8*$!
{
	archiveVersion = 1;
	classes = {
	};
	objectVersion = 46;
	objects = {

/* Begin PBXBuildFile section */
		7B0173C219C24FB700D79215 /* AppDelegate.swift in Sources */ = {isa = PBXBuildFile; fileRef = 7B0173C119C24FB700D79215 /* AppDelegate.swift */; };
		7B0173C519C24FB700D79215 /* SinceStory.xcdatamodeld in Sources */ = {isa = PBXBuildFile; fileRef = 7B0173C319C24FB700D79215 /* SinceStory.xcdatamodeld */; };
		7B0173C719C24FB700D79215 /* ViewController.swift in Sources */ = {isa = PBXBuildFile; fileRef = 7B0173C619C24FB700D79215 /* ViewController.swift */; };
		7B0173CA19C24FB800D79215 /* Main.storyboard in Resources */ = {isa = PBXBuildFile; fileRef = 7B0173C819C24FB800D79215 /* Main.storyboard */; };
		7B0173CC19C24FB800D79215 /* Images.xcassets in Resources */ = {isa = PBXBuildFile; fileRef = 7B0173CB19C24FB800D79215 /* Images.xcassets */; };
		7B0173CF19C24FB800D79215 /* LaunchScreen.xib in Resources */ = {isa = PBXBuildFile; fileRef = 7B0173CD19C24FB800D79215 /* LaunchScreen.xib */; };
		7B0173DB19C24FB800D79215 /* SinceStoryTests.swift in Sources */ = {isa = PBXBuildFile; fileRef = 7B0173DA19C24FB800D79215 /* SinceStoryTests.swift */; };
/* End PBXBuildFile section */

/* Begin PBXContainerItemProxy section */
		7B0173D519C24FB800D79215 /* PBXContainerItemProxy */ = {
			isa = PBXContainerItemProxy;
			containerPortal = 7B0173B419C24FB700D79215 /* Project object */;
			proxyType = 1;
			remoteGlobalIDString = 7B0173BB19C24FB700D79215;
			remoteInfo = SinceStory;
		};
/* End PBXContainerItemProxy section */

/* Begin PBXFileReference section */
		7B0173BC19C24FB700D79215 /* SinceStory.app */ = {isa = PBXFileReference; explicitFileType = wrapper.application; includeInIndex = 0; path = SinceStory.app; sourceTree = BUILT_PRODUCTS_DIR; };
		7B0173C019C24FB700D79215 /* Info.plist */ = {isa = PBXFileReference; lastKnownFileType = text.plist.xml; path = Info.plist; sourceTree = "<group>"; };
		7B0173C119C24FB700D79215 /* AppDelegate.swift */ = {isa = PBXFileReference; lastKnownFileType = sourcecode.swift; path = AppDelegate.swift; sourceTree = "<group>"; };
		7B0173C419C24FB700D79215 /* SinceStory.xcdatamodel */ = {isa = PBXFileReference; lastKnownFileType = wrapper.xcdatamodel; path = SinceStory.xcdatamodel; sourceTree = "<group>"; };
		7B0173C619C24FB700D79215 /* ViewController.swift */ = {isa = PBXFileReference; lastKnownFileType = sourcecode.swift; path = ViewController.swift; sourceTree = "<group>"; };
		7B0173C919C24FB800D79215 /* Base */ = {isa = PBXFileReference; lastKnownFileType = file.storyboard; name = Base; path = Base.lproj/Main.storyboard; sourceTree = "<group>"; };
		7B0173CB19C24FB800D79215 /* Images.xcassets */ = {isa = PBXFileReference; lastKnownFileType = folder.assetcatalog; path = Images.xcassets; sourceTree = "<group>"; };
		7B0173CE19C24FB800D79215 /* Base */ = {isa = PBXFileReference; lastKnownFileType = file.xib; name = Base; path = Base.lproj/LaunchScreen.xib; sourceTree = "<group>"; };
		7B0173D419C24FB800D79215 /* SinceStoryTests.xctest */ = {isa = PBXFileReference; explicitFileType = wrapper.cfbundle; includeInIndex = 0; path = SinceStoryTests.xctest; sourceTree = BUILT_PRODUCTS_DIR; };
		7B0173D919C24FB800D79215 /* Info.plist */ = {isa = PBXFileReference; lastKnownFileType = text.plist.xml; path = Info.plist; sourceTree = "<group>"; };
		7B0173DA19C24FB800D79215 /* SinceStoryTests.swift */ = {isa = PBXFileReference; lastKnownFileType = sourcecode.swift; path = SinceStoryTests.swift; sourceTree = "<group>"; };
/* End PBXFileReference section */

/* Begin PBXFrameworksBuildPhase section */
		7B0173B919C24FB700D79215 /* Frameworks */ = {
			isa = PBXFrameworksBuildPhase;
			buildActionMask = 2147483647;
			files = (
			);
			runOnlyForDeploymentPostprocessing = 0;
		};
		7B0173D119C24FB800D79215 /* Frameworks */ = {
			isa = PBXFrameworksBuildPhase;
			buildActionMask = 2147483647;
			files = (
			);
			runOnlyForDeploymentPostprocessing = 0;
		};
/* End PBXFrameworksBuildPhase section */

/* Begin PBXGroup section */
		7B0173B319C24FB700D79215 = {
			isa = PBXGroup;
			children = (
				7B0173BE19C24FB700D79215 /* SinceStory */,
				7B0173D719C24FB800D79215 /* SinceStoryTests */,
				7B0173BD19C24FB700D79215 /* Products */,
			);
			sourceTree = "<group>";
		};
		7B0173BD19C24FB700D79215 /* Products */ = {
			isa = PBXGroup;
			children = (
				7B0173BC19C24FB700D79215 /* SinceStory.app */,
				7B0173D419C24FB800D79215 /* SinceStoryTests.xctest */,
			);
			name = Products;
			sourceTree = "<group>";
		};
		7B0173BE19C24FB700D79215 /* SinceStory */ = {
			isa = PBXGroup;
			children = (
				7B0173C119C24FB700D79215 /* AppDelegate.swift */,
				7B0173C619C24FB700D79215 /* ViewController.swift */,
				7B0173C819C24FB800D79215 /* Main.storyboard */,
				7B0173CB19C24FB800D79215 /* Images.xcassets */,
				7B0173CD19C24FB800D79215 /* LaunchScreen.xib */,
				7B0173C319C24FB700D79215 /* SinceStory.xcdatamodeld */,
				7B0173BF19C24FB700D79215 /* Supporting Files */,
			);
			path = SinceStory;
			sourceTree = "<group>";
		};
		7B0173BF19C24FB700D79215 /* Supporting Files */ = {
			isa = PBXGroup;
			children = (
				7B0173C019C24FB700D79215 /* Info.plist */,
			);
			name = "Supporting Files";
			sourceTree = "<group>";
		};
		7B0173D719C24FB800D79215 /* SinceStoryTests */ = {
			isa = PBXGroup;
			children = (
				7B0173DA19C24FB800D79215 /* SinceStoryTests.swift */,
				7B0173D819C24FB800D79215 /* Supporting Files */,
			);
			path = SinceStoryTests;
			sourceTree = "<group>";
		};
		7B0173D819C24FB800D79215 /* Supporting Files */ = {
			isa = PBXGroup;
			children = (
				7B0173D919C24FB800D79215 /* Info.plist */,
			);
			name = "Supporting Files";
			sourceTree = "<group>";
		};
/* End PBXGroup section */

/* Begin PBXNativeTarget section */
		7B0173BB19C24FB700D79215 /* SinceStory */ = {
			isa = PBXNativeTarget;
			buildConfigurationList = 7B0173DE19C24FB800D79215 /* Build configuration list for PBXNativeTarget "SinceStory" */;
			buildPhases = (
				7B0173B819C24FB700D79215 /* Sources */,
				7B0173B919C24FB700D79215 /* Frameworks */,
				7B0173BA19C24FB700D79215 /* Resources */,
			);
			buildRules = (
			);
			dependencies = (
			);
			name = SinceStory;
			productName = SinceStory;
			productReference = 7B0173BC19C24FB700D79215 /* SinceStory.app */;
			productType = "com.apple.product-type.application";
		};
		7B0173D319C24FB800D79215 /* SinceStoryTests */ = {
			isa = PBXNativeTarget;
			buildConfigurationList = 7B0173E119C24FB800D79215 /* Build configuration list for PBXNativeTarget "SinceStoryTests" */;
			buildPhases = (
				7B0173D019C24FB800D79215 /* Sources */,
				7B0173D119C24FB800D79215 /* Frameworks */,
				7B0173D219C24FB800D79215 /* Resources */,
			);
			buildRules = (
			);
			dependencies = (
				7B0173D619C24FB800D79215 /* PBXTargetDependency */,
			);
			name = SinceStoryTests;
			productName = SinceStoryTests;
			productReference = 7B0173D419C24FB800D79215 /* SinceStoryTests.xctest */;
			productType = "com.apple.product-type.bundle.unit-test";
		};
/* End PBXNativeTarget section */

/* Begin PBXProject section */
		7B0173B419C24FB700D79215 /* Project object */ = {
			isa = PBXProject;
			attributes = {
				LastUpgradeCheck = 0600;
				ORGANIZATIONNAME = "BrightDigit, LLC";
				TargetAttributes = {
					7B0173BB19C24FB700D79215 = {
						CreatedOnToolsVersion = 6.0;
					};
					7B0173D319C24FB800D79215 = {
						CreatedOnToolsVersion = 6.0;
						TestTargetID = 7B0173BB19C24FB700D79215;
					};
				};
			};
			buildConfigurationList = 7B0173B719C24FB700D79215 /* Build configuration list for PBXProject "SinceStory" */;
			compatibilityVersion = "Xcode 3.2";
			developmentRegion = English;
			hasScannedForEncodings = 0;
			knownRegions = (
				en,
				Base,
			);
			mainGroup = 7B0173B319C24FB700D79215;
			productRefGroup = 7B0173BD19C24FB700D79215 /* Products */;
			projectDirPath = "";
			projectRoot = "";
			targets = (
				7B0173BB19C24FB700D79215 /* SinceStory */,
				7B0173D319C24FB800D79215 /* SinceStoryTests */,
			);
		};
/* End PBXProject section */

/* Begin PBXResourcesBuildPhase section */
		7B0173BA19C24FB700D79215 /* Resources */ = {
			isa = PBXResourcesBuildPhase;
			buildActionMask = 2147483647;
			files = (
				7B0173CA19C24FB800D79215 /* Main.storyboard in Resources */,
				7B0173CF19C24FB800D79215 /* LaunchScreen.xib in Resources */,
				7B0173CC19C24FB800D79215 /* Images.xcassets in Resources */,
			);
			runOnlyForDeploymentPostprocessing = 0;
		};
		7B0173D219C24FB800D79215 /* Resources */ = {
			isa = PBXResourcesBuildPhase;
			buildActionMask = 2147483647;
			files = (
			);
			runOnlyForDeploymentPostprocessing = 0;
		};
/* End PBXResourcesBuildPhase section */

/* Begin PBXSourcesBuildPhase section */
		7B0173B819C24FB700D79215 /* Sources */ = {
			isa = PBXSourcesBuildPhase;
			buildActionMask = 2147483647;
			files = (
				7B0173C719C24FB700D79215 /* ViewController.swift in Sources */,
				7B0173C519C24FB700D79215 /* SinceStory.xcdatamodeld in Sources */,
				7B0173C219C24FB700D79215 /* AppDelegate.swift in Sources */,
			);
			runOnlyForDeploymentPostprocessing = 0;
		};
		7B0173D019C24FB800D79215 /* Sources */ = {
			isa = PBXSourcesBuildPhase;
			buildActionMask = 2147483647;
			files = (
				7B0173DB19C24FB800D79215 /* SinceStoryTests.swift in Sources */,
			);
			runOnlyForDeploymentPostprocessing = 0;
		};
/* End PBXSourcesBuildPhase section */

/* Begin PBXTargetDependency section */
		7B0173D619C24FB800D79215 /* PBXTargetDependency */ = {
			isa = PBXTargetDependency;
			target = 7B0173BB19C24FB700D79215 /* SinceStory */;
			targetProxy = 7B0173D519C24FB800D79215 /* PBXContainerItemProxy */;
		};
/* End PBXTargetDependency section */

/* Begin PBXVariantGroup section */
		7B0173C819C24FB800D79215 /* Main.storyboard */ = {
			isa = PBXVariantGroup;
			children = (
				7B0173C919C24FB800D79215 /* Base */,
			);
			name = Main.storyboard;
			sourceTree = "<group>";
		};
		7B0173CD19C24FB800D79215 /* LaunchScreen.xib */ = {
			isa = PBXVariantGroup;
			children = (
				7B0173CE19C24FB800D79215 /* Base */,
			);
			name = LaunchScreen.xib;
			sourceTree = "<group>";
		};
/* End PBXVariantGroup section */

/* Begin XCBuildConfiguration section */
		7B0173DC19C24FB800D79215 /* Debug */ = {
			isa = XCBuildConfiguration;
			buildSettings = {
				ALWAYS_SEARCH_USER_PATHS = NO;
				CLANG_CXX_LANGUAGE_STANDARD = "gnu++0x";
				CLANG_CXX_LIBRARY = "libc++";
				CLANG_ENABLE_MODULES = YES;
				CLANG_ENABLE_OBJC_ARC = YES;
				CLANG_WARN_BOOL_CONVERSION = YES;
				CLANG_WARN_CONSTANT_CONVERSION = YES;
				CLANG_WARN_DIRECT_OBJC_ISA_USAGE = YES_ERROR;
				CLANG_WARN_EMPTY_BODY = YES;
				CLANG_WARN_ENUM_CONVERSION = YES;
				CLANG_WARN_INT_CONVERSION = YES;
				CLANG_WARN_OBJC_ROOT_CLASS = YES_ERROR;
				CLANG_WARN_UNREACHABLE_CODE = YES;
				CLANG_WARN__DUPLICATE_METHOD_MATCH = YES;
				"CODE_SIGN_IDENTITY[sdk=iphoneos*]" = "iPhone Developer";
				COPY_PHASE_STRIP = NO;
				ENABLE_STRICT_OBJC_MSGSEND = YES;
				GCC_C_LANGUAGE_STANDARD = gnu99;
				GCC_DYNAMIC_NO_PIC = NO;
				GCC_OPTIMIZATION_LEVEL = 0;
				GCC_PREPROCESSOR_DEFINITIONS = (
					"DEBUG=1",
					"$(inherited)",
				);
				GCC_SYMBOLS_PRIVATE_EXTERN = NO;
				GCC_WARN_64_TO_32_BIT_CONVERSION = YES;
				GCC_WARN_ABOUT_RETURN_TYPE = YES_ERROR;
				GCC_WARN_UNDECLARED_SELECTOR = YES;
				GCC_WARN_UNINITIALIZED_AUTOS = YES_AGGRESSIVE;
				GCC_WARN_UNUSED_FUNCTION = YES;
				GCC_WARN_UNUSED_VARIABLE = YES;
				IPHONEOS_DEPLOYMENT_TARGET = 8.0;
				MTL_ENABLE_DEBUG_INFO = YES;
				ONLY_ACTIVE_ARCH = YES;
				SDKROOT = iphoneos;
				SWIFT_OPTIMIZATION_LEVEL = "-Onone";
				TARGETED_DEVICE_FAMILY = "1,2";
			};
			name = Debug;
		};
		7B0173DD19C24FB800D79215 /* Release */ = {
			isa = XCBuildConfiguration;
			buildSettings = {
				ALWAYS_SEARCH_USER_PATHS = NO;
				CLANG_CXX_LANGUAGE_STANDARD = "gnu++0x";
				CLANG_CXX_LIBRARY = "libc++";
				CLANG_ENABLE_MODULES = YES;
				CLANG_ENABLE_OBJC_ARC = YES;
				CLANG_WARN_BOOL_CONVERSION = YES;
				CLANG_WARN_CONSTANT_CONVERSION = YES;
				CLANG_WARN_DIRECT_OBJC_ISA_USAGE = YES_ERROR;
				CLANG_WARN_EMPTY_BODY = YES;
				CLANG_WARN_ENUM_CONVERSION = YES;
				CLANG_WARN_INT_CONVERSION = YES;
				CLANG_WARN_OBJC_ROOT_CLASS = YES_ERROR;
				CLANG_WARN_UNREACHABLE_CODE = YES;
				CLANG_WARN__DUPLICATE_METHOD_MATCH = YES;
				"CODE_SIGN_IDENTITY[sdk=iphoneos*]" = "iPhone Developer";
				COPY_PHASE_STRIP = YES;
				ENABLE_NS_ASSERTIONS = NO;
				ENABLE_STRICT_OBJC_MSGSEND = YES;
				GCC_C_LANGUAGE_STANDARD = gnu99;
				GCC_WARN_64_TO_32_BIT_CONVERSION = YES;
				GCC_WARN_ABOUT_RETURN_TYPE = YES_ERROR;
				GCC_WARN_UNDECLARED_SELECTOR = YES;
				GCC_WARN_UNINITIALIZED_AUTOS = YES_AGGRESSIVE;
				GCC_WARN_UNUSED_FUNCTION = YES;
				GCC_WARN_UNUSED_VARIABLE = YES;
				IPHONEOS_DEPLOYMENT_TARGET = 8.0;
				MTL_ENABLE_DEBUG_INFO = NO;
				SDKROOT = iphoneos;
				TARGETED_DEVICE_FAMILY = "1,2";
				VALIDATE_PRODUCT = YES;
			};
			name = Release;
		};
		7B0173DF19C24FB800D79215 /* Debug */ = {
			isa = XCBuildConfiguration;
			buildSettings = {
				ASSETCATALOG_COMPILER_APPICON_NAME = AppIcon;
				INFOPLIST_FILE = SinceStory/Info.plist;
				LD_RUNPATH_SEARCH_PATHS = "$(inherited) @executable_path/Frameworks";
				PRODUCT_NAME = "$(TARGET_NAME)";
			};
			name = Debug;
		};
		7B0173E019C24FB800D79215 /* Release */ = {
			isa = XCBuildConfiguration;
			buildSettings = {
				ASSETCATALOG_COMPILER_APPICON_NAME = AppIcon;
				INFOPLIST_FILE = SinceStory/Info.plist;
				LD_RUNPATH_SEARCH_PATHS = "$(inherited) @executable_path/Frameworks";
				PRODUCT_NAME = "$(TARGET_NAME)";
			};
			name = Release;
		};
		7B0173E219C24FB800D79215 /* Debug */ = {
			isa = XCBuildConfiguration;
			buildSettings = {
				BUNDLE_LOADER = "$(TEST_HOST)";
				FRAMEWORK_SEARCH_PATHS = (
					"$(SDKROOT)/Developer/Library/Frameworks",
					"$(inherited)",
				);
				GCC_PREPROCESSOR_DEFINITIONS = (
					"DEBUG=1",
					"$(inherited)",
				);
				INFOPLIST_FILE = SinceStoryTests/Info.plist;
				LD_RUNPATH_SEARCH_PATHS = "$(inherited) @executable_path/Frameworks @loader_path/Frameworks";
				PRODUCT_NAME = "$(TARGET_NAME)";
				TEST_HOST = "$(BUILT_PRODUCTS_DIR)/SinceStory.app/SinceStory";
			};
			name = Debug;
		};
		7B0173E319C24FB800D79215 /* Release */ = {
			isa = XCBuildConfiguration;
			buildSettings = {
				BUNDLE_LOADER = "$(TEST_HOST)";
				FRAMEWORK_SEARCH_PATHS = (
					"$(SDKROOT)/Developer/Library/Frameworks",
					"$(inherited)",
				);
				INFOPLIST_FILE = SinceStoryTests/Info.plist;
				LD_RUNPATH_SEARCH_PATHS = "$(inherited) @executable_path/Frameworks @loader_path/Frameworks";
				PRODUCT_NAME = "$(TARGET_NAME)";
				TEST_HOST = "$(BUILT_PRODUCTS_DIR)/SinceStory.app/SinceStory";
			};
			name = Release;
		};
/* End XCBuildConfiguration section */

/* Begin XCConfigurationList section */
		7B0173B719C24FB700D79215 /* Build configuration list for PBXProject "SinceStory" */ = {
			isa = XCConfigurationList;
			buildConfigurations = (
				7B0173DC19C24FB800D79215 /* Debug */,
				7B0173DD19C24FB800D79215 /* Release */,
			);
			defaultConfigurationIsVisible = 0;
			defaultConfigurationName = Release;
		};
		7B0173DE19C24FB800D79215 /* Build configuration list for PBXNativeTarget "SinceStory" */ = {
			isa = XCConfigurationList;
			buildConfigurations = (
				7B0173DF19C24FB800D79215 /* Debug */,
				7B0173E019C24FB800D79215 /* Release */,
			);
			defaultConfigurationIsVisible = 0;
		};
		7B0173E119C24FB800D79215 /* Build configuration list for PBXNativeTarget "SinceStoryTests" */ = {
			isa = XCConfigurationList;
			buildConfigurations = (
				7B0173E219C24FB800D79215 /* Debug */,
				7B0173E319C24FB800D79215 /* Release */,
			);
			defaultConfigurationIsVisible = 0;
		};
/* End XCConfigurationList section */

/* Begin XCVersionGroup section */
		7B0173C319C24FB700D79215 /* SinceStory.xcdatamodeld */ = {
			isa = XCVersionGroup;
			children = (
				7B0173C419C24FB700D79215 /* SinceStory.xcdatamodel */,
			);
			currentVersion = 7B0173C419C24FB700D79215 /* SinceStory.xcdatamodel */;
			path = SinceStory.xcdatamodeld;
			sourceTree = "<group>";
			versionGroupType = wrapper.xcdatamodel;
		};
/* End XCVersionGroup section */
	};
	rootObject = 7B0173B419C24FB700D79215 /* Project object */;
}
